
Microsoft Visual Studio Solution File, Format Version 12.00
# Visual Studio Version 17
VisualStudioVersion = 17.1.32328.378
MinimumVisualStudioVersion = 10.0.40219.1
Project("{2150E333-8FDC-42A3-9474-1A3956D46DE8}") = "Solution Items", "Solution Items", "{A7E8985B-B931-4542-8278-1DBE25089CF8}"
	ProjectSection(SolutionItems) = preProject
		.editorconfig = .editorconfig
	EndProjectSection
EndProject
Project("{2150E333-8FDC-42A3-9474-1A3956D46DE8}") = "src", "src", "{E9350DF5-9388-4E4C-95D6-A1061EBA9523}"
EndProject
Project("{9A19103F-16F7-4668-BE54-9A1E7A4F7556}") = "FsgXmk", "src\FsgXmk\FsgXmk.csproj", "{0ED281E0-ED6C-425A-80C6-069F1A20A1C2}"
EndProject
Project("{9A19103F-16F7-4668-BE54-9A1E7A4F7556}") = "FsgXmk.Abstractions", "src\FsgXmk.Abstractions\FsgXmk.Abstractions.csproj", "{788E9FBB-C605-49BF-AF5C-FA5D6834E382}"
EndProject
Project("{9A19103F-16F7-4668-BE54-9A1E7A4F7556}") = "FsgXmk.Buffers", "src\FsgXmk.Buffers\FsgXmk.Buffers.csproj", "{C996CAF8-90F5-4546-B921-66D4D281F48F}"
EndProject
Project("{9A19103F-16F7-4668-BE54-9A1E7A4F7556}") = "FsgXmk.Extensions.DependencyInjection", "src\FsgXmk.Extensions.DependencyInjection\FsgXmk.Extensions.DependencyInjection.csproj", "{D22C13AB-0C36-4AC9-B20A-34904CE3F15B}"
EndProject
Project("{9A19103F-16F7-4668-BE54-9A1E7A4F7556}") = "FsgXmk.IO", "src\FsgXmk.IO\FsgXmk.IO.csproj", "{A4807AA4-0D8F-4314-A182-EC773FA2A2B7}"
EndProject
Project("{9A19103F-16F7-4668-BE54-9A1E7A4F7556}") = "FsgXmk.Kaitai", "src\FsgXmk.Kaitai\FsgXmk.Kaitai.csproj", "{82F79F45-7899-43BA-8B67-BCC3E25BAAFE}"
EndProject
Project("{9A19103F-16F7-4668-BE54-9A1E7A4F7556}") = "FsgXmk.Kaitai.Extensions.DependencyInjection", "src\FsgXmk.Kaitai.Extensions.DependencyInjection\FsgXmk.Kaitai.Extensions.DependencyInjection.csproj", "{676A43A5-7375-4B4E-9976-DB1A8E94D75F}"
EndProject
Global
	GlobalSection(SolutionConfigurationPlatforms) = preSolution
		Debug|Any CPU = Debug|Any CPU
		Release|Any CPU = Release|Any CPU
	EndGlobalSection
	GlobalSection(ProjectConfigurationPlatforms) = postSolution
		{0ED281E0-ED6C-425A-80C6-069F1A20A1C2}.Debug|Any CPU.ActiveCfg = Debug|Any CPU
		{0ED281E0-ED6C-425A-80C6-069F1A20A1C2}.Debug|Any CPU.Build.0 = Debug|Any CPU
		{0ED281E0-ED6C-425A-80C6-069F1A20A1C2}.Release|Any CPU.ActiveCfg = Release|Any CPU
		{0ED281E0-ED6C-425A-80C6-069F1A20A1C2}.Release|Any CPU.Build.0 = Release|Any CPU
		{788E9FBB-C605-49BF-AF5C-FA5D6834E382}.Debug|Any CPU.ActiveCfg = Debug|Any CPU
		{788E9FBB-C605-49BF-AF5C-FA5D6834E382}.Debug|Any CPU.Build.0 = Debug|Any CPU
		{788E9FBB-C605-49BF-AF5C-FA5D6834E382}.Release|Any CPU.ActiveCfg = Release|Any CPU
		{788E9FBB-C605-49BF-AF5C-FA5D6834E382}.Release|Any CPU.Build.0 = Release|Any CPU
		{C996CAF8-90F5-4546-B921-66D4D281F48F}.Debug|Any CPU.ActiveCfg = Debug|Any CPU
		{C996CAF8-90F5-4546-B921-66D4D281F48F}.Debug|Any CPU.Build.0 = Debug|Any CPU
		{C996CAF8-90F5-4546-B921-66D4D281F48F}.Release|Any CPU.ActiveCfg = Release|Any CPU
		{C996CAF8-90F5-4546-B921-66D4D281F48F}.Release|Any CPU.Build.0 = Release|Any CPU
		{D22C13AB-0C36-4AC9-B20A-34904CE3F15B}.Debug|Any CPU.ActiveCfg = Debug|Any CPU
		{D22C13AB-0C36-4AC9-B20A-34904CE3F15B}.Debug|Any CPU.Build.0 = Debug|Any CPU
		{D22C13AB-0C36-4AC9-B20A-34904CE3F15B}.Release|Any CPU.ActiveCfg = Release|Any CPU
		{D22C13AB-0C36-4AC9-B20A-34904CE3F15B}.Release|Any CPU.Build.0 = Release|Any CPU
		{A4807AA4-0D8F-4314-A182-EC773FA2A2B7}.Debug|Any CPU.ActiveCfg = Debug|Any CPU
		{A4807AA4-0D8F-4314-A182-EC773FA2A2B7}.Debug|Any CPU.Build.0 = Debug|Any CPU
		{A4807AA4-0D8F-4314-A182-EC773FA2A2B7}.Release|Any CPU.ActiveCfg = Release|Any CPU
		{A4807AA4-0D8F-4314-A182-EC773FA2A2B7}.Release|Any CPU.Build.0 = Release|Any CPU
		{82F79F45-7899-43BA-8B67-BCC3E25BAAFE}.Debug|Any CPU.ActiveCfg = Debug|Any CPU
		{82F79F45-7899-43BA-8B67-BCC3E25BAAFE}.Debug|Any CPU.Build.0 = Debug|Any CPU
		{82F79F45-7899-43BA-8B67-BCC3E25BAAFE}.Release|Any CPU.ActiveCfg = Release|Any CPU
		{82F79F45-7899-43BA-8B67-BCC3E25BAAFE}.Release|Any CPU.Build.0 = Release|Any CPU
		{676A43A5-7375-4B4E-9976-DB1A8E94D75F}.Debug|Any CPU.ActiveCfg = Debug|Any CPU
		{676A43A5-7375-4B4E-9976-DB1A8E94D75F}.Debug|Any CPU.Build.0 = Debug|Any CPU
		{676A43A5-7375-4B4E-9976-DB1A8E94D75F}.Release|Any CPU.ActiveCfg = Release|Any CPU
		{676A43A5-7375-4B4E-9976-DB1A8E94D75F}.Release|Any CPU.Build.0 = Release|Any CPU
	EndGlobalSection
	GlobalSection(SolutionProperties) = preSolution
		HideSolutionNode = FALSE
	EndGlobalSection
	GlobalSection(NestedProjects) = preSolution
		{0ED281E0-ED6C-425A-80C6-069F1A20A1C2} = {E9350DF5-9388-4E4C-95D6-A1061EBA9523}
		{788E9FBB-C605-49BF-AF5C-FA5D6834E382} = {E9350DF5-9388-4E4C-95D6-A1061EBA9523}
		{C996CAF8-90F5-4546-B921-66D4D281F48F} = {E9350DF5-9388-4E4C-95D6-A1061EBA9523}
		{D22C13AB-0C36-4AC9-B20A-34904CE3F15B} = {E9350DF5-9388-4E4C-95D6-A1061EBA9523}
		{A4807AA4-0D8F-4314-A182-EC773FA2A2B7} = {E9350DF5-9388-4E4C-95D6-A1061EBA9523}
		{82F79F45-7899-43BA-8B67-BCC3E25BAAFE} = {E9350DF5-9388-4E4C-95D6-A1061EBA9523}
		{676A43A5-7375-4B4E-9976-DB1A8E94D75F} = {E9350DF5-9388-4E4C-95D6-A1061EBA9523}
	EndGlobalSection
	GlobalSection(ExtensibilityGlobals) = postSolution
		SolutionGuid = {EA5BB25C-F8BF-4F9E-9BAE-879C9C478DB0}
	EndGlobalSection
EndGlobal
